
Microsoft Visual Studio Solution File, Format Version 12.00
# Visual Studio Version 17
VisualStudioVersion = 17.2.32526.322
MinimumVisualStudioVersion = 10.0.40219.1
Project("{9A19103F-16F7-4668-BE54-9A1E7A4F7556}") = "LGPD-API", "LGPD-API.csproj", "{FF2FF44B-F21D-4C96-B6E7-CF4E47D9ED0F}"
EndProject
Project("{9A19103F-16F7-4668-BE54-9A1E7A4F7556}") = "LGPD-BLL", "..\LGPD.BLL\LGPD-BLL.csproj", "{5943AF7E-D568-4A77-AF60-7E76C32AECAE}"
EndProject
Project("{9A19103F-16F7-4668-BE54-9A1E7A4F7556}") = "LGPD-BLL-Infra", "..\LGPD-BLL-Infra\LGPD-BLL-Infra.csproj", "{BB75242F-E5FF-4CCC-A12F-D3AAAECA4478}"
EndProject
Project("{9A19103F-16F7-4668-BE54-9A1E7A4F7556}") = "LGPD-IoC", "..\LGPD-IoC\LGPD-IoC.csproj", "{85CC5063-D12B-46A0-A15A-51FB85934AF3}"
EndProject
Project("{9A19103F-16F7-4668-BE54-9A1E7A4F7556}") = "LGPD-MDE", "..\LGPD-MDE\LGPD-MDE.csproj", "{B2AE7DE8-4EB7-4FFA-8303-350CABF9313D}"
EndProject
Project("{9A19103F-16F7-4668-BE54-9A1E7A4F7556}") = "LGPD-Repository", "..\LGPD-Repository\LGPD-Repository.csproj", "{B9DD7953-A7EF-4AF0-8A3C-D9DE76AB75E7}"
EndProject
Project("{FAE04EC0-301F-11D3-BF4B-00C04F79EFBC}") = "LGPD-Repository-Infra", "..\LGPD-Repository-Infra\LGPD-Repository-Infra.csproj", "{C58E6F36-D1C1-4518-8820-EDCD3F0DB28E}"
EndProject
Global
	GlobalSection(SolutionConfigurationPlatforms) = preSolution
		Debug|Any CPU = Debug|Any CPU
		Release|Any CPU = Release|Any CPU
	EndGlobalSection
	GlobalSection(ProjectConfigurationPlatforms) = postSolution
		{FF2FF44B-F21D-4C96-B6E7-CF4E47D9ED0F}.Debug|Any CPU.ActiveCfg = Debug|Any CPU
		{FF2FF44B-F21D-4C96-B6E7-CF4E47D9ED0F}.Debug|Any CPU.Build.0 = Debug|Any CPU
		{FF2FF44B-F21D-4C96-B6E7-CF4E47D9ED0F}.Release|Any CPU.ActiveCfg = Release|Any CPU
		{FF2FF44B-F21D-4C96-B6E7-CF4E47D9ED0F}.Release|Any CPU.Build.0 = Release|Any CPU
		{5943AF7E-D568-4A77-AF60-7E76C32AECAE}.Debug|Any CPU.ActiveCfg = Debug|Any CPU
		{5943AF7E-D568-4A77-AF60-7E76C32AECAE}.Debug|Any CPU.Build.0 = Debug|Any CPU
		{5943AF7E-D568-4A77-AF60-7E76C32AECAE}.Release|Any CPU.ActiveCfg = Release|Any CPU
		{5943AF7E-D568-4A77-AF60-7E76C32AECAE}.Release|Any CPU.Build.0 = Release|Any CPU
		{BB75242F-E5FF-4CCC-A12F-D3AAAECA4478}.Debug|Any CPU.ActiveCfg = Debug|Any CPU
		{BB75242F-E5FF-4CCC-A12F-D3AAAECA4478}.Debug|Any CPU.Build.0 = Debug|Any CPU
		{BB75242F-E5FF-4CCC-A12F-D3AAAECA4478}.Release|Any CPU.ActiveCfg = Release|Any CPU
		{BB75242F-E5FF-4CCC-A12F-D3AAAECA4478}.Release|Any CPU.Build.0 = Release|Any CPU
		{85CC5063-D12B-46A0-A15A-51FB85934AF3}.Debug|Any CPU.ActiveCfg = Debug|Any CPU
		{85CC5063-D12B-46A0-A15A-51FB85934AF3}.Debug|Any CPU.Build.0 = Debug|Any CPU
		{85CC5063-D12B-46A0-A15A-51FB85934AF3}.Release|Any CPU.ActiveCfg = Release|Any CPU
		{85CC5063-D12B-46A0-A15A-51FB85934AF3}.Release|Any CPU.Build.0 = Release|Any CPU
		{B2AE7DE8-4EB7-4FFA-8303-350CABF9313D}.Debug|Any CPU.ActiveCfg = Debug|Any CPU
		{B2AE7DE8-4EB7-4FFA-8303-350CABF9313D}.Debug|Any CPU.Build.0 = Debug|Any CPU
		{B2AE7DE8-4EB7-4FFA-8303-350CABF9313D}.Release|Any CPU.ActiveCfg = Release|Any CPU
		{B2AE7DE8-4EB7-4FFA-8303-350CABF9313D}.Release|Any CPU.Build.0 = Release|Any CPU
		{B9DD7953-A7EF-4AF0-8A3C-D9DE76AB75E7}.Debug|Any CPU.ActiveCfg = Debug|Any CPU
		{B9DD7953-A7EF-4AF0-8A3C-D9DE76AB75E7}.Debug|Any CPU.Build.0 = Debug|Any CPU
		{B9DD7953-A7EF-4AF0-8A3C-D9DE76AB75E7}.Release|Any CPU.ActiveCfg = Release|Any CPU
		{B9DD7953-A7EF-4AF0-8A3C-D9DE76AB75E7}.Release|Any CPU.Build.0 = Release|Any CPU
		{C58E6F36-D1C1-4518-8820-EDCD3F0DB28E}.Debug|Any CPU.ActiveCfg = Debug|Any CPU
		{C58E6F36-D1C1-4518-8820-EDCD3F0DB28E}.Debug|Any CPU.Build.0 = Debug|Any CPU
		{C58E6F36-D1C1-4518-8820-EDCD3F0DB28E}.Release|Any CPU.ActiveCfg = Release|Any CPU
		{C58E6F36-D1C1-4518-8820-EDCD3F0DB28E}.Release|Any CPU.Build.0 = Release|Any CPU
	EndGlobalSection
	GlobalSection(SolutionProperties) = preSolution
		HideSolutionNode = FALSE
	EndGlobalSection
	GlobalSection(ExtensibilityGlobals) = postSolution
		SolutionGuid = {3C1D26A0-C80B-46BF-B7C5-F49B18D97648}
	EndGlobalSection
EndGlobal
